
Microsoft Visual Studio Solution File, Format Version 12.00
# Visual Studio 15
VisualStudioVersion = 15.0.28010.2048
MinimumVisualStudioVersion = 10.0.40219.1
Project("{FAE04EC0-301F-11D3-BF4B-00C04F79EFBC}") = "ProjRedencao", "ProjRedencao\ProjRedencao.csproj", "{EEF3719E-707F-4D64-A88B-32691AFC8942}"
EndProject
Global
	GlobalSection(SolutionConfigurationPlatforms) = preSolution
		Debug|Any CPU = Debug|Any CPU
		Release|Any CPU = Release|Any CPU
	EndGlobalSection
	GlobalSection(ProjectConfigurationPlatforms) = postSolution
		{EEF3719E-707F-4D64-A88B-32691AFC8942}.Debug|Any CPU.ActiveCfg = Debug|Any CPU
		{EEF3719E-707F-4D64-A88B-32691AFC8942}.Debug|Any CPU.Build.0 = Debug|Any CPU
		{EEF3719E-707F-4D64-A88B-32691AFC8942}.Release|Any CPU.ActiveCfg = Release|Any CPU
		{EEF3719E-707F-4D64-A88B-32691AFC8942}.Release|Any CPU.Build.0 = Release|Any CPU
	EndGlobalSection
	GlobalSection(SolutionProperties) = preSolution
		HideSolutionNode = FALSE
	EndGlobalSection
	GlobalSection(ExtensibilityGlobals) = postSolution
		SolutionGuid = {6F940F95-B520-41E0-BC12-054FF5E0C073}
	EndGlobalSection
EndGlobal
